
Microsoft Visual Studio Solution File, Format Version 12.00
# Visual Studio Version 16
VisualStudioVersion = 16.0.30114.105
MinimumVisualStudioVersion = 10.0.40219.1
Project("{2150E333-8FDC-42A3-9474-1A3956D46DE8}") = "src", "src", "{3A355B48-01B0-4288-A923-E5D388A358F5}"
EndProject
Project("{2150E333-8FDC-42A3-9474-1A3956D46DE8}") = "Core", "Core", "{89B326C0-8E17-4918-AE6B-0237C0C3FA07}"
EndProject
Project("{FAE04EC0-301F-11D3-BF4B-00C04F79EFBC}") = "Domains", "src\Core\Domains\Domains.csproj", "{F2021A76-8822-4901-BEC5-CBFB4EC35FCD}"
EndProject
Project("{2150E333-8FDC-42A3-9474-1A3956D46DE8}") = "Others", "Others", "{D579D609-0CBE-413B-A83D-CDB36AD40210}"
EndProject
Project("{FAE04EC0-301F-11D3-BF4B-00C04F79EFBC}") = "GenericErrorHandler", "src\Core\Others\GenericErrorHandler\GenericErrorHandler.csproj", "{D10DCF91-F894-40F6-BA85-5A3D89783B36}"
EndProject
Project("{2150E333-8FDC-42A3-9474-1A3956D46DE8}") = "Infrastructure", "Infrastructure", "{AE062A3C-DC79-4A91-B92D-CFB4D419956A}"
EndProject
Project("{FAE04EC0-301F-11D3-BF4B-00C04F79EFBC}") = "RepositoryLayer", "src\Infrastructure\RepositoryLayer\RepositoryLayer.csproj", "{60CEF2DD-1DD9-43A4-8D00-94389EF938DF}"
EndProject
Project("{2150E333-8FDC-42A3-9474-1A3956D46DE8}") = "API", "API", "{8F59E03E-5558-4454-83C1-AC277764693D}"
EndProject
Project("{FAE04EC0-301F-11D3-BF4B-00C04F79EFBC}") = "ServiceLayer", "src\API\ServiceLayer\ServiceLayer.csproj", "{46BDEFBA-C1FB-491C-9526-94380E078FFC}"
EndProject
Global
	GlobalSection(SolutionConfigurationPlatforms) = preSolution
		Debug|Any CPU = Debug|Any CPU
		Debug|x64 = Debug|x64
		Debug|x86 = Debug|x86
		Release|Any CPU = Release|Any CPU
		Release|x64 = Release|x64
		Release|x86 = Release|x86
	EndGlobalSection
	GlobalSection(SolutionProperties) = preSolution
		HideSolutionNode = FALSE
	EndGlobalSection
	GlobalSection(ProjectConfigurationPlatforms) = postSolution
		{F2021A76-8822-4901-BEC5-CBFB4EC35FCD}.Debug|Any CPU.ActiveCfg = Debug|Any CPU
		{F2021A76-8822-4901-BEC5-CBFB4EC35FCD}.Debug|Any CPU.Build.0 = Debug|Any CPU
		{F2021A76-8822-4901-BEC5-CBFB4EC35FCD}.Debug|x64.ActiveCfg = Debug|Any CPU
		{F2021A76-8822-4901-BEC5-CBFB4EC35FCD}.Debug|x64.Build.0 = Debug|Any CPU
		{F2021A76-8822-4901-BEC5-CBFB4EC35FCD}.Debug|x86.ActiveCfg = Debug|Any CPU
		{F2021A76-8822-4901-BEC5-CBFB4EC35FCD}.Debug|x86.Build.0 = Debug|Any CPU
		{F2021A76-8822-4901-BEC5-CBFB4EC35FCD}.Release|Any CPU.ActiveCfg = Release|Any CPU
		{F2021A76-8822-4901-BEC5-CBFB4EC35FCD}.Release|Any CPU.Build.0 = Release|Any CPU
		{F2021A76-8822-4901-BEC5-CBFB4EC35FCD}.Release|x64.ActiveCfg = Release|Any CPU
		{F2021A76-8822-4901-BEC5-CBFB4EC35FCD}.Release|x64.Build.0 = Release|Any CPU
		{F2021A76-8822-4901-BEC5-CBFB4EC35FCD}.Release|x86.ActiveCfg = Release|Any CPU
		{F2021A76-8822-4901-BEC5-CBFB4EC35FCD}.Release|x86.Build.0 = Release|Any CPU
		{D10DCF91-F894-40F6-BA85-5A3D89783B36}.Debug|Any CPU.ActiveCfg = Debug|Any CPU
		{D10DCF91-F894-40F6-BA85-5A3D89783B36}.Debug|Any CPU.Build.0 = Debug|Any CPU
		{D10DCF91-F894-40F6-BA85-5A3D89783B36}.Debug|x64.ActiveCfg = Debug|Any CPU
		{D10DCF91-F894-40F6-BA85-5A3D89783B36}.Debug|x64.Build.0 = Debug|Any CPU
		{D10DCF91-F894-40F6-BA85-5A3D89783B36}.Debug|x86.ActiveCfg = Debug|Any CPU
		{D10DCF91-F894-40F6-BA85-5A3D89783B36}.Debug|x86.Build.0 = Debug|Any CPU
		{D10DCF91-F894-40F6-BA85-5A3D89783B36}.Release|Any CPU.ActiveCfg = Release|Any CPU
		{D10DCF91-F894-40F6-BA85-5A3D89783B36}.Release|Any CPU.Build.0 = Release|Any CPU
		{D10DCF91-F894-40F6-BA85-5A3D89783B36}.Release|x64.ActiveCfg = Release|Any CPU
		{D10DCF91-F894-40F6-BA85-5A3D89783B36}.Release|x64.Build.0 = Release|Any CPU
		{D10DCF91-F894-40F6-BA85-5A3D89783B36}.Release|x86.ActiveCfg = Release|Any CPU
		{D10DCF91-F894-40F6-BA85-5A3D89783B36}.Release|x86.Build.0 = Release|Any CPU
		{60CEF2DD-1DD9-43A4-8D00-94389EF938DF}.Debug|Any CPU.ActiveCfg = Debug|Any CPU
		{60CEF2DD-1DD9-43A4-8D00-94389EF938DF}.Debug|Any CPU.Build.0 = Debug|Any CPU
		{60CEF2DD-1DD9-43A4-8D00-94389EF938DF}.Debug|x64.ActiveCfg = Debug|Any CPU
		{60CEF2DD-1DD9-43A4-8D00-94389EF938DF}.Debug|x64.Build.0 = Debug|Any CPU
		{60CEF2DD-1DD9-43A4-8D00-94389EF938DF}.Debug|x86.ActiveCfg = Debug|Any CPU
		{60CEF2DD-1DD9-43A4-8D00-94389EF938DF}.Debug|x86.Build.0 = Debug|Any CPU
		{60CEF2DD-1DD9-43A4-8D00-94389EF938DF}.Release|Any CPU.ActiveCfg = Release|Any CPU
		{60CEF2DD-1DD9-43A4-8D00-94389EF938DF}.Release|Any CPU.Build.0 = Release|Any CPU
		{60CEF2DD-1DD9-43A4-8D00-94389EF938DF}.Release|x64.ActiveCfg = Release|Any CPU
		{60CEF2DD-1DD9-43A4-8D00-94389EF938DF}.Release|x64.Build.0 = Release|Any CPU
		{60CEF2DD-1DD9-43A4-8D00-94389EF938DF}.Release|x86.ActiveCfg = Release|Any CPU
		{60CEF2DD-1DD9-43A4-8D00-94389EF938DF}.Release|x86.Build.0 = Release|Any CPU
		{46BDEFBA-C1FB-491C-9526-94380E078FFC}.Debug|Any CPU.ActiveCfg = Debug|Any CPU
		{46BDEFBA-C1FB-491C-9526-94380E078FFC}.Debug|Any CPU.Build.0 = Debug|Any CPU
		{46BDEFBA-C1FB-491C-9526-94380E078FFC}.Debug|x64.ActiveCfg = Debug|Any CPU
		{46BDEFBA-C1FB-491C-9526-94380E078FFC}.Debug|x64.Build.0 = Debug|Any CPU
		{46BDEFBA-C1FB-491C-9526-94380E078FFC}.Debug|x86.ActiveCfg = Debug|Any CPU
		{46BDEFBA-C1FB-491C-9526-94380E078FFC}.Debug|x86.Build.0 = Debug|Any CPU
		{46BDEFBA-C1FB-491C-9526-94380E078FFC}.Release|Any CPU.ActiveCfg = Release|Any CPU
		{46BDEFBA-C1FB-491C-9526-94380E078FFC}.Release|Any CPU.Build.0 = Release|Any CPU
		{46BDEFBA-C1FB-491C-9526-94380E078FFC}.Release|x64.ActiveCfg = Release|Any CPU
		{46BDEFBA-C1FB-491C-9526-94380E078FFC}.Release|x64.Build.0 = Release|Any CPU
		{46BDEFBA-C1FB-491C-9526-94380E078FFC}.Release|x86.ActiveCfg = Release|Any CPU
		{46BDEFBA-C1FB-491C-9526-94380E078FFC}.Release|x86.Build.0 = Release|Any CPU
	EndGlobalSection
	GlobalSection(NestedProjects) = preSolution
		{89B326C0-8E17-4918-AE6B-0237C0C3FA07} = {3A355B48-01B0-4288-A923-E5D388A358F5}
		{F2021A76-8822-4901-BEC5-CBFB4EC35FCD} = {89B326C0-8E17-4918-AE6B-0237C0C3FA07}
		{D579D609-0CBE-413B-A83D-CDB36AD40210} = {89B326C0-8E17-4918-AE6B-0237C0C3FA07}
		{D10DCF91-F894-40F6-BA85-5A3D89783B36} = {D579D609-0CBE-413B-A83D-CDB36AD40210}
		{AE062A3C-DC79-4A91-B92D-CFB4D419956A} = {3A355B48-01B0-4288-A923-E5D388A358F5}
		{60CEF2DD-1DD9-43A4-8D00-94389EF938DF} = {AE062A3C-DC79-4A91-B92D-CFB4D419956A}
		{8F59E03E-5558-4454-83C1-AC277764693D} = {3A355B48-01B0-4288-A923-E5D388A358F5}
		{46BDEFBA-C1FB-491C-9526-94380E078FFC} = {8F59E03E-5558-4454-83C1-AC277764693D}
	EndGlobalSection
EndGlobal
